// !$*UTF8*$!
{
	archiveVersion = 1;
	classes = {
	};
	objectVersion = 56;
	objects = {

/* Begin PBXBuildFile section */
		FE732F362B0A7AFA00FC3454 /* AppDelegate.swift in Sources */ = {isa = PBXBuildFile; fileRef = FE732F352B0A7AFA00FC3454 /* AppDelegate.swift */; };
		FE732F382B0A7AFA00FC3454 /* SceneDelegate.swift in Sources */ = {isa = PBXBuildFile; fileRef = FE732F372B0A7AFA00FC3454 /* SceneDelegate.swift */; };
		FE732F3A2B0A7AFA00FC3454 /* ViewController.swift in Sources */ = {isa = PBXBuildFile; fileRef = FE732F392B0A7AFA00FC3454 /* ViewController.swift */; };
		FE732F3D2B0A7AFA00FC3454 /* Main.storyboard in Resources */ = {isa = PBXBuildFile; fileRef = FE732F3B2B0A7AFA00FC3454 /* Main.storyboard */; };
		FE732F3F2B0A7AFC00FC3454 /* Assets.xcassets in Resources */ = {isa = PBXBuildFile; fileRef = FE732F3E2B0A7AFC00FC3454 /* Assets.xcassets */; };
		FE732F422B0A7AFC00FC3454 /* LaunchScreen.storyboard in Resources */ = {isa = PBXBuildFile; fileRef = FE732F402B0A7AFC00FC3454 /* LaunchScreen.storyboard */; };
		FE732F4A2B0B470500FC3454 /* 1.png in Resources */ = {isa = PBXBuildFile; fileRef = FE732F492B0B470500FC3454 /* 1.png */; };
/* End PBXBuildFile section */

/* Begin PBXFileReference section */
		FE732F322B0A7AFA00FC3454 /* ImageSmimage.app */ = {isa = PBXFileReference; explicitFileType = wrapper.application; includeInIndex = 0; path = ImageSmimage.app; sourceTree = BUILT_PRODUCTS_DIR; };
		FE732F352B0A7AFA00FC3454 /* AppDelegate.swift */ = {isa = PBXFileReference; lastKnownFileType = sourcecode.swift; path = AppDelegate.swift; sourceTree = "<group>"; };
		FE732F372B0A7AFA00FC3454 /* SceneDelegate.swift */ = {isa = PBXFileReference; lastKnownFileType = sourcecode.swift; path = SceneDelegate.swift; sourceTree = "<group>"; };
		FE732F392B0A7AFA00FC3454 /* ViewController.swift */ = {isa = PBXFileReference; lastKnownFileType = sourcecode.swift; path = ViewController.swift; sourceTree = "<group>"; };
		FE732F3C2B0A7AFA00FC3454 /* Base */ = {isa = PBXFileReference; lastKnownFileType = file.storyboard; name = Base; path = Base.lproj/Main.storyboard; sourceTree = "<group>"; };
		FE732F3E2B0A7AFC00FC3454 /* Assets.xcassets */ = {isa = PBXFileReference; lastKnownFileType = folder.assetcatalog; path = Assets.xcassets; sourceTree = "<group>"; };
		FE732F412B0A7AFC00FC3454 /* Base */ = {isa = PBXFileReference; lastKnownFileType = file.storyboard; name = Base; path = Base.lproj/LaunchScreen.storyboard; sourceTree = "<group>"; };
		FE732F432B0A7AFC00FC3454 /* Info.plist */ = {isa = PBXFileReference; lastKnownFileType = text.plist.xml; path = Info.plist; sourceTree = "<group>"; };
		FE732F492B0B470500FC3454 /* 1.png */ = {isa = PBXFileReference; lastKnownFileType = image.png; path = 1.png; sourceTree = "<group>"; };
/* End PBXFileReference section */

/* Begin PBXFrameworksBuildPhase section */
		FE732F2F2B0A7AFA00FC3454 /* Frameworks */ = {
			isa = PBXFrameworksBuildPhase;
			buildActionMask = 2147483647;
			files = (
			);
			runOnlyForDeploymentPostprocessing = 0;
		};
/* End PBXFrameworksBuildPhase section */

/* Begin PBXGroup section */
		FE732F292B0A7AFA00FC3454 = {
			isa = PBXGroup;
			children = (
				FE732F492B0B470500FC3454 /* 1.png */,
				FE732F342B0A7AFA00FC3454 /* ImageSmimage */,
				FE732F332B0A7AFA00FC3454 /* Products */,
			);
			sourceTree = "<group>";
		};
		FE732F332B0A7AFA00FC3454 /* Products */ = {
			isa = PBXGroup;
			children = (
				FE732F322B0A7AFA00FC3454 /* ImageSmimage.app */,
			);
			name = Products;
			sourceTree = "<group>";
		};
		FE732F342B0A7AFA00FC3454 /* ImageSmimage */ = {
			isa = PBXGroup;
			children = (
				FE732F352B0A7AFA00FC3454 /* AppDelegate.swift */,
				FE732F372B0A7AFA00FC3454 /* SceneDelegate.swift */,
				FE732F392B0A7AFA00FC3454 /* ViewController.swift */,
				FE732F3B2B0A7AFA00FC3454 /* Main.storyboard */,
				FE732F3E2B0A7AFC00FC3454 /* Assets.xcassets */,
				FE732F402B0A7AFC00FC3454 /* LaunchScreen.storyboard */,
				FE732F432B0A7AFC00FC3454 /* Info.plist */,
			);
			path = ImageSmimage;
			sourceTree = "<group>";
		};
/* End PBXGroup section */

/* Begin PBXNativeTarget section */
		FE732F312B0A7AFA00FC3454 /* ImageSmimage */ = {
			isa = PBXNativeTarget;
			buildConfigurationList = FE732F462B0A7AFC00FC3454 /* Build configuration list for PBXNativeTarget "ImageSmimage" */;
			buildPhases = (
				FE732F2E2B0A7AFA00FC3454 /* Sources */,
				FE732F2F2B0A7AFA00FC3454 /* Frameworks */,
				FE732F302B0A7AFA00FC3454 /* Resources */,
			);
			buildRules = (
			);
			dependencies = (
			);
			name = ImageSmimage;
			productName = ImageSmimage;
			productReference = FE732F322B0A7AFA00FC3454 /* ImageSmimage.app */;
			productType = "com.apple.product-type.application";
		};
/* End PBXNativeTarget section */

/* Begin PBXProject section */
		FE732F2A2B0A7AFA00FC3454 /* Project object */ = {
			isa = PBXProject;
			attributes = {
				BuildIndependentTargetsInParallel = 1;
				LastSwiftUpdateCheck = 1500;
				LastUpgradeCheck = 1500;
				TargetAttributes = {
					FE732F312B0A7AFA00FC3454 = {
						CreatedOnToolsVersion = 15.0;
					};
				};
			};
			buildConfigurationList = FE732F2D2B0A7AFA00FC3454 /* Build configuration list for PBXProject "ImageSmimage" */;
			compatibilityVersion = "Xcode 14.0";
			developmentRegion = en;
			hasScannedForEncodings = 0;
			knownRegions = (
				en,
				Base,
			);
			mainGroup = FE732F292B0A7AFA00FC3454;
			productRefGroup = FE732F332B0A7AFA00FC3454 /* Products */;
			projectDirPath = "";
			projectRoot = "";
			targets = (
				FE732F312B0A7AFA00FC3454 /* ImageSmimage */,
			);
		};
/* End PBXProject section */

/* Begin PBXResourcesBuildPhase section */
		FE732F302B0A7AFA00FC3454 /* Resources */ = {
			isa = PBXResourcesBuildPhase;
			buildActionMask = 2147483647;
			files = (
				FE732F4A2B0B470500FC3454 /* 1.png in Resources */,
				FE732F422B0A7AFC00FC3454 /* LaunchScreen.storyboard in Resources */,
				FE732F3F2B0A7AFC00FC3454 /* Assets.xcassets in Resources */,
				FE732F3D2B0A7AFA00FC3454 /* Main.storyboard in Resources */,
			);
			runOnlyForDeploymentPostprocessing = 0;
		};
/* End PBXResourcesBuildPhase section */

/* Begin PBXSourcesBuildPhase section */
		FE732F2E2B0A7AFA00FC3454 /* Sources */ = {
			isa = PBXSourcesBuildPhase;
			buildActionMask = 2147483647;
			files = (
				FE732F3A2B0A7AFA00FC3454 /* ViewController.swift in Sources */,
				FE732F362B0A7AFA00FC3454 /* AppDelegate.swift in Sources */,
				FE732F382B0A7AFA00FC3454 /* SceneDelegate.swift in Sources */,
			);
			runOnlyForDeploymentPostprocessing = 0;
		};
/* End PBXSourcesBuildPhase section */

/* Begin PBXVariantGroup section */
		FE732F3B2B0A7AFA00FC3454 /* Main.storyboard */ = {
			isa = PBXVariantGroup;
			children = (
				FE732F3C2B0A7AFA00FC3454 /* Base */,
			);
			name = Main.storyboard;
			sourceTree = "<group>";
		};
		FE732F402B0A7AFC00FC3454 /* LaunchScreen.storyboard */ = {
			isa = PBXVariantGroup;
			children = (
				FE732F412B0A7AFC00FC3454 /* Base */,
			);
			name = LaunchScreen.storyboard;
			sourceTree = "<group>";
		};
/* End PBXVariantGroup section */

/* Begin XCBuildConfiguration section */
		FE732F442B0A7AFC00FC3454 /* Debug */ = {
			isa = XCBuildConfiguration;
			buildSettings = {
				ALWAYS_SEARCH_USER_PATHS = NO;
				ASSETCATALOG_COMPILER_GENERATE_SWIFT_ASSET_SYMBOL_EXTENSIONS = YES;
				CLANG_ANALYZER_NONNULL = YES;
				CLANG_ANALYZER_NUMBER_OBJECT_CONVERSION = YES_AGGRESSIVE;
				CLANG_CXX_LANGUAGE_STANDARD = "gnu++20";
				CLANG_ENABLE_MODULES = YES;
				CLANG_ENABLE_OBJC_ARC = YES;
				CLANG_ENABLE_OBJC_WEAK = YES;
				CLANG_WARN_BLOCK_CAPTURE_AUTORELEASING = YES;
				CLANG_WARN_BOOL_CONVERSION = YES;
				CLANG_WARN_COMMA = YES;
				CLANG_WARN_CONSTANT_CONVERSION = YES;
				CLANG_WARN_DEPRECATED_OBJC_IMPLEMENTATIONS = YES;
				CLANG_WARN_DIRECT_OBJC_ISA_USAGE = YES_ERROR;
				CLANG_WARN_DOCUMENTATION_COMMENTS = YES;
				CLANG_WARN_EMPTY_BODY = YES;
				CLANG_WARN_ENUM_CONVERSION = YES;
				CLANG_WARN_INFINITE_RECURSION = YES;
				CLANG_WARN_INT_CONVERSION = YES;
				CLANG_WARN_NON_LITERAL_NULL_CONVERSION = YES;
				CLANG_WARN_OBJC_IMPLICIT_RETAIN_SELF = YES;
				CLANG_WARN_OBJC_LITERAL_CONVERSION = YES;
				CLANG_WARN_OBJC_ROOT_CLASS = YES_ERROR;
				CLANG_WARN_QUOTED_INCLUDE_IN_FRAMEWORK_HEADER = YES;
				CLANG_WARN_RANGE_LOOP_ANALYSIS = YES;
				CLANG_WARN_STRICT_PROTOTYPES = YES;
				CLANG_WARN_SUSPICIOUS_MOVE = YES;
				CLANG_WARN_UNGUARDED_AVAILABILITY = YES_AGGRESSIVE;
				CLANG_WARN_UNREACHABLE_CODE = YES;
				CLANG_WARN__DUPLICATE_METHOD_MATCH = YES;
				COPY_PHASE_STRIP = NO;
				DEBUG_INFORMATION_FORMAT = dwarf;
				ENABLE_STRICT_OBJC_MSGSEND = YES;
				ENABLE_TESTABILITY = YES;
				ENABLE_USER_SCRIPT_SANDBOXING = YES;
				GCC_C_LANGUAGE_STANDARD = gnu17;
				GCC_DYNAMIC_NO_PIC = NO;
				GCC_NO_COMMON_BLOCKS = YES;
				GCC_OPTIMIZATION_LEVEL = 0;
				GCC_PREPROCESSOR_DEFINITIONS = (
					"DEBUG=1",
					"$(inherited)",
				);
				GCC_WARN_64_TO_32_BIT_CONVERSION = YES;
				GCC_WARN_ABOUT_RETURN_TYPE = YES_ERROR;
				GCC_WARN_UNDECLARED_SELECTOR = YES;
				GCC_WARN_UNINITIALIZED_AUTOS = YES_AGGRESSIVE;
				GCC_WARN_UNUSED_FUNCTION = YES;
				GCC_WARN_UNUSED_VARIABLE = YES;
				IPHONEOS_DEPLOYMENT_TARGET = 17.0;
				LOCALIZATION_PREFERS_STRING_CATALOGS = YES;
				MTL_ENABLE_DEBUG_INFO = INCLUDE_SOURCE;
				MTL_FAST_MATH = YES;
				ONLY_ACTIVE_ARCH = YES;
				SDKROOT = iphoneos;
				SWIFT_ACTIVE_COMPILATION_CONDITIONS = "DEBUG $(inherited)";
				SWIFT_OPTIMIZATION_LEVEL = "-Onone";
			};
			name = Debug;
		};
		FE732F452B0A7AFC00FC3454 /* Release */ = {
			isa = XCBuildConfiguration;
			buildSettings = {
				ALWAYS_SEARCH_USER_PATHS = NO;
				ASSETCATALOG_COMPILER_GENERATE_SWIFT_ASSET_SYMBOL_EXTENSIONS = YES;
				CLANG_ANALYZER_NONNULL = YES;
				CLANG_ANALYZER_NUMBER_OBJECT_CONVERSION = YES_AGGRESSIVE;
				CLANG_CXX_LANGUAGE_STANDARD = "gnu++20";
				CLANG_ENABLE_MODULES = YES;
				CLANG_ENABLE_OBJC_ARC = YES;
				CLANG_ENABLE_OBJC_WEAK = YES;
				CLANG_WARN_BLOCK_CAPTURE_AUTORELEASING = YES;
				CLANG_WARN_BOOL_CONVERSION = YES;
				CLANG_WARN_COMMA = YES;
				CLANG_WARN_CONSTANT_CONVERSION = YES;
				CLANG_WARN_DEPRECATED_OBJC_IMPLEMENTATIONS = YES;
				CLANG_WARN_DIRECT_OBJC_ISA_USAGE = YES_ERROR;
				CLANG_WARN_DOCUMENTATION_COMMENTS = YES;
				CLANG_WARN_EMPTY_BODY = YES;
				CLANG_WARN_ENUM_CONVERSION = YES;
				CLANG_WARN_INFINITE_RECURSION = YES;
				CLANG_WARN_INT_CONVERSION = YES;
				CLANG_WARN_NON_LITERAL_NULL_CONVERSION = YES;
				CLANG_WARN_OBJC_IMPLICIT_RETAIN_SELF = YES;
				CLANG_WARN_OBJC_LITERAL_CONVERSION = YES;
				CLANG_WARN_OBJC_ROOT_CLASS = YES_ERROR;
				CLANG_WARN_QUOTED_INCLUDE_IN_FRAMEWORK_HEADER = YES;
				CLANG_WARN_RANGE_LOOP_ANALYSIS = YES;
				CLANG_WARN_STRICT_PROTOTYPES = YES;
				CLANG_WARN_SUSPICIOUS_MOVE = YES;
				CLANG_WARN_UNGUARDED_AVAILABILITY = YES_AGGRESSIVE;
				CLANG_WARN_UNREACHABLE_CODE = YES;
				CLANG_WARN__DUPLICATE_METHOD_MATCH = YES;
				COPY_PHASE_STRIP = NO;
				DEBUG_INFORMATION_FORMAT = "dwarf-with-dsym";
				ENABLE_NS_ASSERTIONS = NO;
				ENABLE_STRICT_OBJC_MSGSEND = YES;
				ENABLE_USER_SCRIPT_SANDBOXING = YES;
				GCC_C_LANGUAGE_STANDARD = gnu17;
				GCC_NO_COMMON_BLOCKS = YES;
				GCC_WARN_64_TO_32_BIT_CONVERSION = YES;
				GCC_WARN_ABOUT_RETURN_TYPE = YES_ERROR;
				GCC_WARN_UNDECLARED_SELECTOR = YES;
				GCC_WARN_UNINITIALIZED_AUTOS = YES_AGGRESSIVE;
				GCC_WARN_UNUSED_FUNCTION = YES;
				GCC_WARN_UNUSED_VARIABLE = YES;
				IPHONEOS_DEPLOYMENT_TARGET = 17.0;
				LOCALIZATION_PREFERS_STRING_CATALOGS = YES;
				MTL_ENABLE_DEBUG_INFO = NO;
				MTL_FAST_MATH = YES;
				SDKROOT = iphoneos;
				SWIFT_COMPILATION_MODE = wholemodule;
				VALIDATE_PRODUCT = YES;
			};
			name = Release;
		};
		FE732F472B0A7AFC00FC3454 /* Debug */ = {
			isa = XCBuildConfiguration;
			buildSettings = {
				ASSETCATALOG_COMPILER_APPICON_NAME = AppIcon;
				ASSETCATALOG_COMPILER_GLOBAL_ACCENT_COLOR_NAME = AccentColor;
				CODE_SIGN_STYLE = Automatic;
				CURRENT_PROJECT_VERSION = 1;
				DEVELOPMENT_TEAM = 33MWQ6FQ7R;
				GENERATE_INFOPLIST_FILE = YES;
				INFOPLIST_FILE = ImageSmimage/Info.plist;
				INFOPLIST_KEY_UIApplicationSupportsIndirectInputEvents = YES;
				INFOPLIST_KEY_UILaunchStoryboardName = LaunchScreen;
				INFOPLIST_KEY_UIMainStoryboardFile = Main;
				INFOPLIST_KEY_UISupportedInterfaceOrientations_iPad = "UIInterfaceOrientationPortrait UIInterfaceOrientationPortraitUpsideDown UIInterfaceOrientationLandscapeLeft UIInterfaceOrientationLandscapeRight";
				INFOPLIST_KEY_UISupportedInterfaceOrientations_iPhone = "UIInterfaceOrientationPortrait UIInterfaceOrientationLandscapeLeft UIInterfaceOrientationLandscapeRight";
				LD_RUNPATH_SEARCH_PATHS = (
					"$(inherited)",
					"@executable_path/Frameworks",
				);
				MARKETING_VERSION = 1.0;
				PRODUCT_BUNDLE_IDENTIFIER = none.ImageSmimage;
				PRODUCT_NAME = "$(TARGET_NAME)";
				SWIFT_EMIT_LOC_STRINGS = YES;
				SWIFT_VERSION = 5.0;
				TARGETED_DEVICE_FAMILY = "1,2";
			};
			name = Debug;
		};
		FE732F482B0A7AFC00FC3454 /* Release */ = {
			isa = XCBuildConfiguration;
			buildSettings = {
				ASSETCATALOG_COMPILER_APPICON_NAME = AppIcon;
				ASSETCATALOG_COMPILER_GLOBAL_ACCENT_COLOR_NAME = AccentColor;
				CODE_SIGN_STYLE = Automatic;
				CURRENT_PROJECT_VERSION = 1;
				DEVELOPMENT_TEAM = 33MWQ6FQ7R;
				GENERATE_INFOPLIST_FILE = YES;
				INFOPLIST_FILE = ImageSmimage/Info.plist;
				INFOPLIST_KEY_UIApplicationSupportsIndirectInputEvents = YES;
				INFOPLIST_KEY_UILaunchStoryboardName = LaunchScreen;
				INFOPLIST_KEY_UIMainStoryboardFile = Main;
				INFOPLIST_KEY_UISupportedInterfaceOrientations_iPad = "UIInterfaceOrientationPortrait UIInterfaceOrientationPortraitUpsideDown UIInterfaceOrientationLandscapeLeft UIInterfaceOrientationLandscapeRight";
				INFOPLIST_KEY_UISupportedInterfaceOrientations_iPhone = "UIInterfaceOrientationPortrait UIInterfaceOrientationLandscapeLeft UIInterfaceOrientationLandscapeRight";
				LD_RUNPATH_SEARCH_PATHS = (
					"$(inherited)",
					"@executable_path/Frameworks",
				);
				MARKETING_VERSION = 1.0;
				PRODUCT_BUNDLE_IDENTIFIER = none.ImageSmimage;
				PRODUCT_NAME = "$(TARGET_NAME)";
				SWIFT_EMIT_LOC_STRINGS = YES;
				SWIFT_VERSION = 5.0;
				TARGETED_DEVICE_FAMILY = "1,2";
			};
			name = Release;
		};
/* End XCBuildConfiguration section */

/* Begin XCConfigurationList section */
		FE732F2D2B0A7AFA00FC3454 /* Build configuration list for PBXProject "ImageSmimage" */ = {
			isa = XCConfigurationList;
			buildConfigurations = (
				FE732F442B0A7AFC00FC3454 /* Debug */,
				FE732F452B0A7AFC00FC3454 /* Release */,
			);
			defaultConfigurationIsVisible = 0;
			defaultConfigurationName = Release;
		};
		FE732F462B0A7AFC00FC3454 /* Build configuration list for PBXNativeTarget "ImageSmimage" */ = {
			isa = XCConfigurationList;
			buildConfigurations = (
				FE732F472B0A7AFC00FC3454 /* Debug */,
				FE732F482B0A7AFC00FC3454 /* Release */,
			);
			defaultConfigurationIsVisible = 0;
			defaultConfigurationName = Release;
		};
/* End XCConfigurationList section */
	};
	rootObject = FE732F2A2B0A7AFA00FC3454 /* Project object */;
}
